
Microsoft Visual Studio Solution File, Format Version 12.00
# Visual Studio 15
VisualStudioVersion = 15.0.27428.2027
MinimumVisualStudioVersion = 10.0.40219.1
Project("{FAE04EC0-301F-11D3-BF4B-00C04F79EFBC}") = "Client", "Client\Client.csproj", "{FEBE4025-A2A6-47F2-A2D9-EB3C610D3F4C}"
EndProject
Project("{FAE04EC0-301F-11D3-BF4B-00C04F79EFBC}") = "Operations", "Operations\Operations.csproj", "{3CCD60B8-88D3-4AB4-8609-D7760354C4FF}"
EndProject
Project("{FAE04EC0-301F-11D3-BF4B-00C04F79EFBC}") = "DbFirst", "DbFirst\DbFirst.csproj", "{EE0C3147-30B0-4B40-8E20-B4EF5128304A}"
EndProject
Project("{FAE04EC0-301F-11D3-BF4B-00C04F79EFBC}") = "Services", "Services\Services.csproj", "{06AEB58B-0D62-43F1-BE21-35CE090E5CF6}"
EndProject
Project("{FAE04EC0-301F-11D3-BF4B-00C04F79EFBC}") = "ServiceInterfaces", "ServiceInterfaces\ServiceInterfaces.csproj", "{A096A878-CB65-4DCB-8806-1663EA0E9686}"
EndProject
Project("{FAE04EC0-301F-11D3-BF4B-00C04F79EFBC}") = "Test", "Test\Test.csproj", "{AE51736F-C1BD-47A4-9771-42006FB2352F}"
EndProject
Project("{FAE04EC0-301F-11D3-BF4B-00C04F79EFBC}") = "Respositories", "Respositories\Respositories.csproj", "{4DD0BF7C-9013-4F68-A325-13ACD85AC932}"
EndProject
Project("{FAE04EC0-301F-11D3-BF4B-00C04F79EFBC}") = "RepositoryInterfaces", "RepositoryInterfaces\RepositoryInterfaces.csproj", "{764C6C9D-DE95-495A-A143-8B2C5BC39AFC}"
EndProject
Project("{FAE04EC0-301F-11D3-BF4B-00C04F79EFBC}") = "WebClient", "WebClient\WebClient.csproj", "{3B7E7507-6B80-4A03-A6AF-089DA81E8BB6}"
EndProject
Project("{FAE04EC0-301F-11D3-BF4B-00C04F79EFBC}") = "WebClient.Tests", "WebClient.Tests\WebClient.Tests.csproj", "{ED25276A-22BF-472E-8EC1-FDA8C93C0471}"
EndProject
Global
	GlobalSection(SolutionConfigurationPlatforms) = preSolution
		Debug|Any CPU = Debug|Any CPU
		Release|Any CPU = Release|Any CPU
		Test|Any CPU = Test|Any CPU
	EndGlobalSection
	GlobalSection(ProjectConfigurationPlatforms) = postSolution
		{FEBE4025-A2A6-47F2-A2D9-EB3C610D3F4C}.Debug|Any CPU.ActiveCfg = Debug|Any CPU
		{FEBE4025-A2A6-47F2-A2D9-EB3C610D3F4C}.Debug|Any CPU.Build.0 = Debug|Any CPU
		{FEBE4025-A2A6-47F2-A2D9-EB3C610D3F4C}.Release|Any CPU.ActiveCfg = Release|Any CPU
		{FEBE4025-A2A6-47F2-A2D9-EB3C610D3F4C}.Release|Any CPU.Build.0 = Release|Any CPU
		{FEBE4025-A2A6-47F2-A2D9-EB3C610D3F4C}.Test|Any CPU.ActiveCfg = Test|Any CPU
		{FEBE4025-A2A6-47F2-A2D9-EB3C610D3F4C}.Test|Any CPU.Build.0 = Test|Any CPU
		{3CCD60B8-88D3-4AB4-8609-D7760354C4FF}.Debug|Any CPU.ActiveCfg = Debug|Any CPU
		{3CCD60B8-88D3-4AB4-8609-D7760354C4FF}.Debug|Any CPU.Build.0 = Debug|Any CPU
		{3CCD60B8-88D3-4AB4-8609-D7760354C4FF}.Release|Any CPU.ActiveCfg = Release|Any CPU
		{3CCD60B8-88D3-4AB4-8609-D7760354C4FF}.Release|Any CPU.Build.0 = Release|Any CPU
		{3CCD60B8-88D3-4AB4-8609-D7760354C4FF}.Test|Any CPU.ActiveCfg = Test|Any CPU
		{3CCD60B8-88D3-4AB4-8609-D7760354C4FF}.Test|Any CPU.Build.0 = Test|Any CPU
		{EE0C3147-30B0-4B40-8E20-B4EF5128304A}.Debug|Any CPU.ActiveCfg = Debug|Any CPU
		{EE0C3147-30B0-4B40-8E20-B4EF5128304A}.Debug|Any CPU.Build.0 = Debug|Any CPU
		{EE0C3147-30B0-4B40-8E20-B4EF5128304A}.Release|Any CPU.ActiveCfg = Release|Any CPU
		{EE0C3147-30B0-4B40-8E20-B4EF5128304A}.Release|Any CPU.Build.0 = Release|Any CPU
		{EE0C3147-30B0-4B40-8E20-B4EF5128304A}.Test|Any CPU.ActiveCfg = Test|Any CPU
		{EE0C3147-30B0-4B40-8E20-B4EF5128304A}.Test|Any CPU.Build.0 = Test|Any CPU
		{06AEB58B-0D62-43F1-BE21-35CE090E5CF6}.Debug|Any CPU.ActiveCfg = Debug|Any CPU
		{06AEB58B-0D62-43F1-BE21-35CE090E5CF6}.Debug|Any CPU.Build.0 = Debug|Any CPU
		{06AEB58B-0D62-43F1-BE21-35CE090E5CF6}.Release|Any CPU.ActiveCfg = Release|Any CPU
		{06AEB58B-0D62-43F1-BE21-35CE090E5CF6}.Release|Any CPU.Build.0 = Release|Any CPU
		{06AEB58B-0D62-43F1-BE21-35CE090E5CF6}.Test|Any CPU.ActiveCfg = Test|Any CPU
		{06AEB58B-0D62-43F1-BE21-35CE090E5CF6}.Test|Any CPU.Build.0 = Test|Any CPU
		{A096A878-CB65-4DCB-8806-1663EA0E9686}.Debug|Any CPU.ActiveCfg = Debug|Any CPU
		{A096A878-CB65-4DCB-8806-1663EA0E9686}.Debug|Any CPU.Build.0 = Debug|Any CPU
		{A096A878-CB65-4DCB-8806-1663EA0E9686}.Release|Any CPU.ActiveCfg = Release|Any CPU
		{A096A878-CB65-4DCB-8806-1663EA0E9686}.Release|Any CPU.Build.0 = Release|Any CPU
		{A096A878-CB65-4DCB-8806-1663EA0E9686}.Test|Any CPU.ActiveCfg = Test|Any CPU
		{A096A878-CB65-4DCB-8806-1663EA0E9686}.Test|Any CPU.Build.0 = Test|Any CPU
		{AE51736F-C1BD-47A4-9771-42006FB2352F}.Debug|Any CPU.ActiveCfg = Debug|Any CPU
		{AE51736F-C1BD-47A4-9771-42006FB2352F}.Debug|Any CPU.Build.0 = Debug|Any CPU
		{AE51736F-C1BD-47A4-9771-42006FB2352F}.Release|Any CPU.ActiveCfg = Release|Any CPU
		{AE51736F-C1BD-47A4-9771-42006FB2352F}.Release|Any CPU.Build.0 = Release|Any CPU
		{AE51736F-C1BD-47A4-9771-42006FB2352F}.Test|Any CPU.ActiveCfg = Test|Any CPU
		{AE51736F-C1BD-47A4-9771-42006FB2352F}.Test|Any CPU.Build.0 = Test|Any CPU
		{4DD0BF7C-9013-4F68-A325-13ACD85AC932}.Debug|Any CPU.ActiveCfg = Debug|Any CPU
		{4DD0BF7C-9013-4F68-A325-13ACD85AC932}.Debug|Any CPU.Build.0 = Debug|Any CPU
		{4DD0BF7C-9013-4F68-A325-13ACD85AC932}.Release|Any CPU.ActiveCfg = Release|Any CPU
		{4DD0BF7C-9013-4F68-A325-13ACD85AC932}.Release|Any CPU.Build.0 = Release|Any CPU
		{4DD0BF7C-9013-4F68-A325-13ACD85AC932}.Test|Any CPU.ActiveCfg = Test|Any CPU
		{4DD0BF7C-9013-4F68-A325-13ACD85AC932}.Test|Any CPU.Build.0 = Test|Any CPU
		{764C6C9D-DE95-495A-A143-8B2C5BC39AFC}.Debug|Any CPU.ActiveCfg = Debug|Any CPU
		{764C6C9D-DE95-495A-A143-8B2C5BC39AFC}.Debug|Any CPU.Build.0 = Debug|Any CPU
		{764C6C9D-DE95-495A-A143-8B2C5BC39AFC}.Release|Any CPU.ActiveCfg = Release|Any CPU
		{764C6C9D-DE95-495A-A143-8B2C5BC39AFC}.Release|Any CPU.Build.0 = Release|Any CPU
		{764C6C9D-DE95-495A-A143-8B2C5BC39AFC}.Test|Any CPU.ActiveCfg = Test|Any CPU
		{764C6C9D-DE95-495A-A143-8B2C5BC39AFC}.Test|Any CPU.Build.0 = Test|Any CPU
		{3B7E7507-6B80-4A03-A6AF-089DA81E8BB6}.Debug|Any CPU.ActiveCfg = Debug|Any CPU
		{3B7E7507-6B80-4A03-A6AF-089DA81E8BB6}.Debug|Any CPU.Build.0 = Debug|Any CPU
		{3B7E7507-6B80-4A03-A6AF-089DA81E8BB6}.Release|Any CPU.ActiveCfg = Release|Any CPU
		{3B7E7507-6B80-4A03-A6AF-089DA81E8BB6}.Release|Any CPU.Build.0 = Release|Any CPU
		{3B7E7507-6B80-4A03-A6AF-089DA81E8BB6}.Test|Any CPU.ActiveCfg = Release|Any CPU
		{3B7E7507-6B80-4A03-A6AF-089DA81E8BB6}.Test|Any CPU.Build.0 = Release|Any CPU
		{ED25276A-22BF-472E-8EC1-FDA8C93C0471}.Debug|Any CPU.ActiveCfg = Debug|Any CPU
		{ED25276A-22BF-472E-8EC1-FDA8C93C0471}.Debug|Any CPU.Build.0 = Debug|Any CPU
		{ED25276A-22BF-472E-8EC1-FDA8C93C0471}.Release|Any CPU.ActiveCfg = Release|Any CPU
		{ED25276A-22BF-472E-8EC1-FDA8C93C0471}.Release|Any CPU.Build.0 = Release|Any CPU
		{ED25276A-22BF-472E-8EC1-FDA8C93C0471}.Test|Any CPU.ActiveCfg = Release|Any CPU
		{ED25276A-22BF-472E-8EC1-FDA8C93C0471}.Test|Any CPU.Build.0 = Release|Any CPU
	EndGlobalSection
	GlobalSection(SolutionProperties) = preSolution
		HideSolutionNode = FALSE
	EndGlobalSection
	GlobalSection(ExtensibilityGlobals) = postSolution
		SolutionGuid = {8B5FF1E6-6984-413D-AC08-CE2C0AD3CCF3}
	EndGlobalSection
EndGlobal
